<Solution>
  <Folder Name="/CSharpBasics/">
    <Project Path="Arrays/Arrays.csproj" Id="b58e1285-ffa9-4763-b79a-f34a27b036ed" />
    <Project Path="ConditionalConstructions/ConditionalConstructions.csproj" Id="67f4d79f-239e-4987-bcd6-81d7d965db23" />
    <Project Path="HelloWorld/HelloWorld.csproj" Id="4ebf3761-bbac-43b2-a34f-c9281da7669d" />
    <Project Path="InputOutput/InputOutput.csproj" Id="e69d750f-b1c6-44fa-92d5-9f01ed4e697f" />
    <Project Path="Loops/Loops.csproj" Id="7be1005d-3d65-4dd3-9dbb-cb2fbdd21296" />
  </Folder>
</Solution>
